// !$*UTF8*$!
{
	archiveVersion = 1;
	classes = {
	};
	objectVersion = 46;
	objects = {

/* Begin PBXBuildFile section */
		B592DAA31A3A06830083C253 /* InAppPurchaseTools.h in Headers */ = {isa = PBXBuildFile; fileRef = B592DAA21A3A06830083C253 /* InAppPurchaseTools.h */; settings = {ATTRIBUTES = (Public, ); }; };
		B592DAA91A3A06830083C253 /* InAppPurchaseTools.framework in Frameworks */ = {isa = PBXBuildFile; fileRef = B592DA9D1A3A06830083C253 /* InAppPurchaseTools.framework */; };
		B592DAB01A3A06830083C253 /* InAppPurchaseToolsTests.m in Sources */ = {isa = PBXBuildFile; fileRef = B592DAAF1A3A06830083C253 /* InAppPurchaseToolsTests.m */; };
		B592DABB1A3A071B0083C253 /* SLKInAppProductManager.h in Headers */ = {isa = PBXBuildFile; fileRef = B592DAB91A3A071B0083C253 /* SLKInAppProductManager.h */; };
		B592DABC1A3A071B0083C253 /* SLKInAppProductManager.m in Sources */ = {isa = PBXBuildFile; fileRef = B592DABA1A3A071B0083C253 /* SLKInAppProductManager.m */; };
/* End PBXBuildFile section */

/* Begin PBXContainerItemProxy section */
		B592DAAA1A3A06830083C253 /* PBXContainerItemProxy */ = {
			isa = PBXContainerItemProxy;
			containerPortal = B592DA941A3A06830083C253 /* Project object */;
			proxyType = 1;
			remoteGlobalIDString = B592DA9C1A3A06830083C253;
			remoteInfo = InAppPurchaseTools;
		};
/* End PBXContainerItemProxy section */

/* Begin PBXFileReference section */
		B592DA9D1A3A06830083C253 /* InAppPurchaseTools.framework */ = {isa = PBXFileReference; explicitFileType = wrapper.framework; includeInIndex = 0; path = InAppPurchaseTools.framework; sourceTree = BUILT_PRODUCTS_DIR; };
		B592DAA11A3A06830083C253 /* Info.plist */ = {isa = PBXFileReference; lastKnownFileType = text.plist.xml; path = Info.plist; sourceTree = "<group>"; };
		B592DAA21A3A06830083C253 /* InAppPurchaseTools.h */ = {isa = PBXFileReference; lastKnownFileType = sourcecode.c.h; path = InAppPurchaseTools.h; sourceTree = "<group>"; };
		B592DAA81A3A06830083C253 /* InAppPurchaseToolsTests.xctest */ = {isa = PBXFileReference; explicitFileType = wrapper.cfbundle; includeInIndex = 0; path = InAppPurchaseToolsTests.xctest; sourceTree = BUILT_PRODUCTS_DIR; };
		B592DAAE1A3A06830083C253 /* Info.plist */ = {isa = PBXFileReference; lastKnownFileType = text.plist.xml; path = Info.plist; sourceTree = "<group>"; };
		B592DAAF1A3A06830083C253 /* InAppPurchaseToolsTests.m */ = {isa = PBXFileReference; lastKnownFileType = sourcecode.c.objc; path = InAppPurchaseToolsTests.m; sourceTree = "<group>"; };
		B592DAB91A3A071B0083C253 /* SLKInAppProductManager.h */ = {isa = PBXFileReference; fileEncoding = 4; lastKnownFileType = sourcecode.c.h; path = SLKInAppProductManager.h; sourceTree = "<group>"; };
		B592DABA1A3A071B0083C253 /* SLKInAppProductManager.m */ = {isa = PBXFileReference; fileEncoding = 4; lastKnownFileType = sourcecode.c.objc; path = SLKInAppProductManager.m; sourceTree = "<group>"; };
/* End PBXFileReference section */

/* Begin PBXFrameworksBuildPhase section */
		B592DA991A3A06830083C253 /* Frameworks */ = {
			isa = PBXFrameworksBuildPhase;
			buildActionMask = 2147483647;
			files = (
			);
			runOnlyForDeploymentPostprocessing = 0;
		};
		B592DAA51A3A06830083C253 /* Frameworks */ = {
			isa = PBXFrameworksBuildPhase;
			buildActionMask = 2147483647;
			files = (
				B592DAA91A3A06830083C253 /* InAppPurchaseTools.framework in Frameworks */,
			);
			runOnlyForDeploymentPostprocessing = 0;
		};
/* End PBXFrameworksBuildPhase section */

/* Begin PBXGroup section */
		B592DA931A3A06830083C253 = {
			isa = PBXGroup;
			children = (
				B592DA9F1A3A06830083C253 /* InAppPurchaseTools */,
				B592DAAC1A3A06830083C253 /* InAppPurchaseToolsTests */,
				B592DA9E1A3A06830083C253 /* Products */,
			);
			sourceTree = "<group>";
		};
		B592DA9E1A3A06830083C253 /* Products */ = {
			isa = PBXGroup;
			children = (
				B592DA9D1A3A06830083C253 /* InAppPurchaseTools.framework */,
				B592DAA81A3A06830083C253 /* InAppPurchaseToolsTests.xctest */,
			);
			name = Products;
			sourceTree = "<group>";
		};
		B592DA9F1A3A06830083C253 /* InAppPurchaseTools */ = {
			isa = PBXGroup;
			children = (
				B592DAA21A3A06830083C253 /* InAppPurchaseTools.h */,
				B592DAB91A3A071B0083C253 /* SLKInAppProductManager.h */,
				B592DABA1A3A071B0083C253 /* SLKInAppProductManager.m */,
				B592DAA01A3A06830083C253 /* Supporting Files */,
			);
			path = InAppPurchaseTools;
			sourceTree = "<group>";
		};
		B592DAA01A3A06830083C253 /* Supporting Files */ = {
			isa = PBXGroup;
			children = (
				B592DAA11A3A06830083C253 /* Info.plist */,
			);
			name = "Supporting Files";
			sourceTree = "<group>";
		};
		B592DAAC1A3A06830083C253 /* InAppPurchaseToolsTests */ = {
			isa = PBXGroup;
			children = (
				B592DAAF1A3A06830083C253 /* InAppPurchaseToolsTests.m */,
				B592DAAD1A3A06830083C253 /* Supporting Files */,
			);
			path = InAppPurchaseToolsTests;
			sourceTree = "<group>";
		};
		B592DAAD1A3A06830083C253 /* Supporting Files */ = {
			isa = PBXGroup;
			children = (
				B592DAAE1A3A06830083C253 /* Info.plist */,
			);
			name = "Supporting Files";
			sourceTree = "<group>";
		};
/* End PBXGroup section */

/* Begin PBXHeadersBuildPhase section */
		B592DA9A1A3A06830083C253 /* Headers */ = {
			isa = PBXHeadersBuildPhase;
			buildActionMask = 2147483647;
			files = (
				B592DABB1A3A071B0083C253 /* SLKInAppProductManager.h in Headers */,
				B592DAA31A3A06830083C253 /* InAppPurchaseTools.h in Headers */,
			);
			runOnlyForDeploymentPostprocessing = 0;
		};
/* End PBXHeadersBuildPhase section */

/* Begin PBXNativeTarget section */
		B592DA9C1A3A06830083C253 /* InAppPurchaseTools */ = {
			isa = PBXNativeTarget;
			buildConfigurationList = B592DAB31A3A06830083C253 /* Build configuration list for PBXNativeTarget "InAppPurchaseTools" */;
			buildPhases = (
				B592DA981A3A06830083C253 /* Sources */,
				B592DA991A3A06830083C253 /* Frameworks */,
				B592DA9A1A3A06830083C253 /* Headers */,
				B592DA9B1A3A06830083C253 /* Resources */,
			);
			buildRules = (
			);
			dependencies = (
			);
			name = InAppPurchaseTools;
			productName = InAppPurchaseTools;
			productReference = B592DA9D1A3A06830083C253 /* InAppPurchaseTools.framework */;
			productType = "com.apple.product-type.framework";
		};
		B592DAA71A3A06830083C253 /* InAppPurchaseToolsTests */ = {
			isa = PBXNativeTarget;
			buildConfigurationList = B592DAB61A3A06830083C253 /* Build configuration list for PBXNativeTarget "InAppPurchaseToolsTests" */;
			buildPhases = (
				B592DAA41A3A06830083C253 /* Sources */,
				B592DAA51A3A06830083C253 /* Frameworks */,
				B592DAA61A3A06830083C253 /* Resources */,
			);
			buildRules = (
			);
			dependencies = (
				B592DAAB1A3A06830083C253 /* PBXTargetDependency */,
			);
			name = InAppPurchaseToolsTests;
			productName = InAppPurchaseToolsTests;
			productReference = B592DAA81A3A06830083C253 /* InAppPurchaseToolsTests.xctest */;
			productType = "com.apple.product-type.bundle.unit-test";
		};
/* End PBXNativeTarget section */

/* Begin PBXProject section */
		B592DA941A3A06830083C253 /* Project object */ = {
			isa = PBXProject;
			attributes = {
				LastUpgradeCheck = 0610;
				ORGANIZATIONNAME = "Scope Lift";
				TargetAttributes = {
					B592DA9C1A3A06830083C253 = {
						CreatedOnToolsVersion = 6.1.1;
					};
					B592DAA71A3A06830083C253 = {
						CreatedOnToolsVersion = 6.1.1;
					};
				};
			};
			buildConfigurationList = B592DA971A3A06830083C253 /* Build configuration list for PBXProject "InAppPurchaseTools" */;
			compatibilityVersion = "Xcode 3.2";
			developmentRegion = English;
			hasScannedForEncodings = 0;
			knownRegions = (
				en,
			);
			mainGroup = B592DA931A3A06830083C253;
			productRefGroup = B592DA9E1A3A06830083C253 /* Products */;
			projectDirPath = "";
			projectRoot = "";
			targets = (
				B592DA9C1A3A06830083C253 /* InAppPurchaseTools */,
				B592DAA71A3A06830083C253 /* InAppPurchaseToolsTests */,
			);
		};
/* End PBXProject section */

/* Begin PBXResourcesBuildPhase section */
		B592DA9B1A3A06830083C253 /* Resources */ = {
			isa = PBXResourcesBuildPhase;
			buildActionMask = 2147483647;
			files = (
			);
			runOnlyForDeploymentPostprocessing = 0;
		};
		B592DAA61A3A06830083C253 /* Resources */ = {
			isa = PBXResourcesBuildPhase;
			buildActionMask = 2147483647;
			files = (
			);
			runOnlyForDeploymentPostprocessing = 0;
		};
/* End PBXResourcesBuildPhase section */

/* Begin PBXSourcesBuildPhase section */
		B592DA981A3A06830083C253 /* Sources */ = {
			isa = PBXSourcesBuildPhase;
			buildActionMask = 2147483647;
			files = (
				B592DABC1A3A071B0083C253 /* SLKInAppProductManager.m in Sources */,
			);
			runOnlyForDeploymentPostprocessing = 0;
		};
		B592DAA41A3A06830083C253 /* Sources */ = {
			isa = PBXSourcesBuildPhase;
			buildActionMask = 2147483647;
			files = (
				B592DAB01A3A06830083C253 /* InAppPurchaseToolsTests.m in Sources */,
			);
			runOnlyForDeploymentPostprocessing = 0;
		};
/* End PBXSourcesBuildPhase section */

/* Begin PBXTargetDependency section */
		B592DAAB1A3A06830083C253 /* PBXTargetDependency */ = {
			isa = PBXTargetDependency;
			target = B592DA9C1A3A06830083C253 /* InAppPurchaseTools */;
			targetProxy = B592DAAA1A3A06830083C253 /* PBXContainerItemProxy */;
		};
/* End PBXTargetDependency section */

/* Begin XCBuildConfiguration section */
		B592DAB11A3A06830083C253 /* Debug */ = {
			isa = XCBuildConfiguration;
			buildSettings = {
				ALWAYS_SEARCH_USER_PATHS = NO;
				CLANG_CXX_LANGUAGE_STANDARD = "gnu++0x";
				CLANG_CXX_LIBRARY = "libc++";
				CLANG_ENABLE_MODULES = YES;
				CLANG_ENABLE_OBJC_ARC = YES;
				CLANG_WARN_BOOL_CONVERSION = YES;
				CLANG_WARN_CONSTANT_CONVERSION = YES;
				CLANG_WARN_DIRECT_OBJC_ISA_USAGE = YES_ERROR;
				CLANG_WARN_EMPTY_BODY = YES;
				CLANG_WARN_ENUM_CONVERSION = YES;
				CLANG_WARN_INT_CONVERSION = YES;
				CLANG_WARN_OBJC_ROOT_CLASS = YES_ERROR;
				CLANG_WARN_UNREACHABLE_CODE = YES;
				CLANG_WARN__DUPLICATE_METHOD_MATCH = YES;
				"CODE_SIGN_IDENTITY[sdk=iphoneos*]" = "iPhone Developer";
				COPY_PHASE_STRIP = NO;
				CURRENT_PROJECT_VERSION = 1;
				ENABLE_STRICT_OBJC_MSGSEND = YES;
				GCC_C_LANGUAGE_STANDARD = gnu99;
				GCC_DYNAMIC_NO_PIC = NO;
				GCC_OPTIMIZATION_LEVEL = 0;
				GCC_PREPROCESSOR_DEFINITIONS = (
					"DEBUG=1",
					"$(inherited)",
				);
				GCC_SYMBOLS_PRIVATE_EXTERN = NO;
				GCC_WARN_64_TO_32_BIT_CONVERSION = YES;
				GCC_WARN_ABOUT_RETURN_TYPE = YES_ERROR;
				GCC_WARN_UNDECLARED_SELECTOR = YES;
				GCC_WARN_UNINITIALIZED_AUTOS = YES_AGGRESSIVE;
				GCC_WARN_UNUSED_FUNCTION = YES;
				GCC_WARN_UNUSED_VARIABLE = YES;
				IPHONEOS_DEPLOYMENT_TARGET = 8.1;
				MTL_ENABLE_DEBUG_INFO = YES;
				ONLY_ACTIVE_ARCH = YES;
				SDKROOT = iphoneos;
				TARGETED_DEVICE_FAMILY = "1,2";
				VERSIONING_SYSTEM = "apple-generic";
				VERSION_INFO_PREFIX = "";
			};
			name = Debug;
		};
		B592DAB21A3A06830083C253 /* Release */ = {
			isa = XCBuildConfiguration;
			buildSettings = {
				ALWAYS_SEARCH_USER_PATHS = NO;
				CLANG_CXX_LANGUAGE_STANDARD = "gnu++0x";
				CLANG_CXX_LIBRARY = "libc++";
				CLANG_ENABLE_MODULES = YES;
				CLANG_ENABLE_OBJC_ARC = YES;
				CLANG_WARN_BOOL_CONVERSION = YES;
				CLANG_WARN_CONSTANT_CONVERSION = YES;
				CLANG_WARN_DIRECT_OBJC_ISA_USAGE = YES_ERROR;
				CLANG_WARN_EMPTY_BODY = YES;
				CLANG_WARN_ENUM_CONVERSION = YES;
				CLANG_WARN_INT_CONVERSION = YES;
				CLANG_WARN_OBJC_ROOT_CLASS = YES_ERROR;
				CLANG_WARN_UNREACHABLE_CODE = YES;
				CLANG_WARN__DUPLICATE_METHOD_MATCH = YES;
				"CODE_SIGN_IDENTITY[sdk=iphoneos*]" = "iPhone Developer";
				COPY_PHASE_STRIP = YES;
				CURRENT_PROJECT_VERSION = 1;
				ENABLE_NS_ASSERTIONS = NO;
				ENABLE_STRICT_OBJC_MSGSEND = YES;
				GCC_C_LANGUAGE_STANDARD = gnu99;
				GCC_WARN_64_TO_32_BIT_CONVERSION = YES;
				GCC_WARN_ABOUT_RETURN_TYPE = YES_ERROR;
				GCC_WARN_UNDECLARED_SELECTOR = YES;
				GCC_WARN_UNINITIALIZED_AUTOS = YES_AGGRESSIVE;
				GCC_WARN_UNUSED_FUNCTION = YES;
				GCC_WARN_UNUSED_VARIABLE = YES;
				IPHONEOS_DEPLOYMENT_TARGET = 8.1;
				MTL_ENABLE_DEBUG_INFO = NO;
				SDKROOT = iphoneos;
				TARGETED_DEVICE_FAMILY = "1,2";
				VALIDATE_PRODUCT = YES;
				VERSIONING_SYSTEM = "apple-generic";
				VERSION_INFO_PREFIX = "";
			};
			name = Release;
		};
		B592DAB41A3A06830083C253 /* Debug */ = {
			isa = XCBuildConfiguration;
			buildSettings = {
				DEFINES_MODULE = YES;
				DYLIB_COMPATIBILITY_VERSION = 1;
				DYLIB_CURRENT_VERSION = 1;
				DYLIB_INSTALL_NAME_BASE = "@rpath";
				INFOPLIST_FILE = InAppPurchaseTools/Info.plist;
				INSTALL_PATH = "$(LOCAL_LIBRARY_DIR)/Frameworks";
				IPHONEOS_DEPLOYMENT_TARGET = 8.0;
				LD_RUNPATH_SEARCH_PATHS = "$(inherited) @executable_path/Frameworks @loader_path/Frameworks";
				PRODUCT_NAME = "$(TARGET_NAME)";
				SKIP_INSTALL = YES;
			};
			name = Debug;
		};
		B592DAB51A3A06830083C253 /* Release */ = {
			isa = XCBuildConfiguration;
			buildSettings = {
				DEFINES_MODULE = YES;
				DYLIB_COMPATIBILITY_VERSION = 1;
				DYLIB_CURRENT_VERSION = 1;
				DYLIB_INSTALL_NAME_BASE = "@rpath";
				INFOPLIST_FILE = InAppPurchaseTools/Info.plist;
				INSTALL_PATH = "$(LOCAL_LIBRARY_DIR)/Frameworks";
				IPHONEOS_DEPLOYMENT_TARGET = 8.0;
				LD_RUNPATH_SEARCH_PATHS = "$(inherited) @executable_path/Frameworks @loader_path/Frameworks";
				PRODUCT_NAME = "$(TARGET_NAME)";
				SKIP_INSTALL = YES;
			};
			name = Release;
		};
		B592DAB71A3A06830083C253 /* Debug */ = {
			isa = XCBuildConfiguration;
			buildSettings = {
				FRAMEWORK_SEARCH_PATHS = (
					"$(SDKROOT)/Developer/Library/Frameworks",
					"$(inherited)",
				);
				GCC_PREPROCESSOR_DEFINITIONS = (
					"DEBUG=1",
					"$(inherited)",
				);
				INFOPLIST_FILE = InAppPurchaseToolsTests/Info.plist;
				LD_RUNPATH_SEARCH_PATHS = "$(inherited) @executable_path/Frameworks @loader_path/Frameworks";
				PRODUCT_NAME = "$(TARGET_NAME)";
			};
			name = Debug;
		};
		B592DAB81A3A06830083C253 /* Release */ = {
			isa = XCBuildConfiguration;
			buildSettings = {
				FRAMEWORK_SEARCH_PATHS = (
					"$(SDKROOT)/Developer/Library/Frameworks",
					"$(inherited)",
				);
				INFOPLIST_FILE = InAppPurchaseToolsTests/Info.plist;
				LD_RUNPATH_SEARCH_PATHS = "$(inherited) @executable_path/Frameworks @loader_path/Frameworks";
				PRODUCT_NAME = "$(TARGET_NAME)";
			};
			name = Release;
		};
/* End XCBuildConfiguration section */

/* Begin XCConfigurationList section */
		B592DA971A3A06830083C253 /* Build configuration list for PBXProject "InAppPurchaseTools" */ = {
			isa = XCConfigurationList;
			buildConfigurations = (
				B592DAB11A3A06830083C253 /* Debug */,
				B592DAB21A3A06830083C253 /* Release */,
			);
			defaultConfigurationIsVisible = 0;
			defaultConfigurationName = Release;
		};
		B592DAB31A3A06830083C253 /* Build configuration list for PBXNativeTarget "InAppPurchaseTools" */ = {
			isa = XCConfigurationList;
			buildConfigurations = (
				B592DAB41A3A06830083C253 /* Debug */,
				B592DAB51A3A06830083C253 /* Release */,
			);
			defaultConfigurationIsVisible = 0;
		};
		B592DAB61A3A06830083C253 /* Build configuration list for PBXNativeTarget "InAppPurchaseToolsTests" */ = {
			isa = XCConfigurationList;
			buildConfigurations = (
				B592DAB71A3A06830083C253 /* Debug */,
				B592DAB81A3A06830083C253 /* Release */,
			);
			defaultConfigurationIsVisible = 0;
		};
/* End XCConfigurationList section */
	};
	rootObject = B592DA941A3A06830083C253 /* Project object */;
}
